
Microsoft Visual Studio Solution File, Format Version 11.00
# Visual Studio 2010
Project("{2150E333-8FDC-42A3-9474-1A3956D46DE8}") = "scripts", "scripts", "{D84281D3-91DC-44BA-AD42-851DEFE42BF2}"
	ProjectSection(SolutionItems) = preProject
		build.bat = build.bat
		scripts\db.sql = scripts\db.sql
		nant.build = nant.build
		README.md = README.md
	EndProjectSection
EndProject
Project("{FAE04EC0-301F-11D3-BF4B-00C04F79EFBC}") = "Properties.Web", "src\Properties.Web\Properties.Web.csproj", "{F1D6E742-0C7B-45B2-A247-28728A348883}"
EndProject
Project("{FAE04EC0-301F-11D3-BF4B-00C04F79EFBC}") = "Properties.Model", "src\Properties.Model\Properties.Model.csproj", "{F77123FF-217F-4567-B0B5-0850EA47B5C6}"
EndProject
Project("{FAE04EC0-301F-11D3-BF4B-00C04F79EFBC}") = "Properties.Repositories", "src\Properties.Repositories\Properties.Repositories.csproj", "{71DA5FD8-B314-482C-9C5D-D253D27DD268}"
EndProject
Project("{FAE04EC0-301F-11D3-BF4B-00C04F79EFBC}") = "Properties.Model.Mappings", "src\Properties.Model.Mappings\Properties.Model.Mappings.csproj", "{06F2E139-2956-4105-A7D0-8F66A1E926E8}"
EndProject
Project("{FAE04EC0-301F-11D3-BF4B-00C04F79EFBC}") = "Properties.Model.Test", "src\Properties.Model.Test\Properties.Model.Test.csproj", "{CA583B02-45E4-4B09-8EDE-A43152D45A70}"
EndProject
Project("{FAE04EC0-301F-11D3-BF4B-00C04F79EFBC}") = "CodeSharp.Core", "..\..\codesharp\infrastructure\dotnet\src\CodeSharp.Core\CodeSharp.Core.csproj", "{09088AAE-32AB-4EA8-B918-D5568C047A89}"
EndProject
Global
	GlobalSection(SolutionConfigurationPlatforms) = preSolution
		Debug|Any CPU = Debug|Any CPU
		Release|Any CPU = Release|Any CPU
	EndGlobalSection
	GlobalSection(ProjectConfigurationPlatforms) = postSolution
		{F1D6E742-0C7B-45B2-A247-28728A348883}.Debug|Any CPU.ActiveCfg = Debug|Any CPU
		{F1D6E742-0C7B-45B2-A247-28728A348883}.Debug|Any CPU.Build.0 = Debug|Any CPU
		{F1D6E742-0C7B-45B2-A247-28728A348883}.Release|Any CPU.ActiveCfg = Release|Any CPU
		{F1D6E742-0C7B-45B2-A247-28728A348883}.Release|Any CPU.Build.0 = Release|Any CPU
		{F77123FF-217F-4567-B0B5-0850EA47B5C6}.Debug|Any CPU.ActiveCfg = Debug|Any CPU
		{F77123FF-217F-4567-B0B5-0850EA47B5C6}.Debug|Any CPU.Build.0 = Debug|Any CPU
		{F77123FF-217F-4567-B0B5-0850EA47B5C6}.Release|Any CPU.ActiveCfg = Release|Any CPU
		{F77123FF-217F-4567-B0B5-0850EA47B5C6}.Release|Any CPU.Build.0 = Release|Any CPU
		{71DA5FD8-B314-482C-9C5D-D253D27DD268}.Debug|Any CPU.ActiveCfg = Debug|Any CPU
		{71DA5FD8-B314-482C-9C5D-D253D27DD268}.Debug|Any CPU.Build.0 = Debug|Any CPU
		{71DA5FD8-B314-482C-9C5D-D253D27DD268}.Release|Any CPU.ActiveCfg = Release|Any CPU
		{71DA5FD8-B314-482C-9C5D-D253D27DD268}.Release|Any CPU.Build.0 = Release|Any CPU
		{06F2E139-2956-4105-A7D0-8F66A1E926E8}.Debug|Any CPU.ActiveCfg = Debug|Any CPU
		{06F2E139-2956-4105-A7D0-8F66A1E926E8}.Debug|Any CPU.Build.0 = Debug|Any CPU
		{06F2E139-2956-4105-A7D0-8F66A1E926E8}.Release|Any CPU.ActiveCfg = Release|Any CPU
		{06F2E139-2956-4105-A7D0-8F66A1E926E8}.Release|Any CPU.Build.0 = Release|Any CPU
		{CA583B02-45E4-4B09-8EDE-A43152D45A70}.Debug|Any CPU.ActiveCfg = Debug|Any CPU
		{CA583B02-45E4-4B09-8EDE-A43152D45A70}.Debug|Any CPU.Build.0 = Debug|Any CPU
		{CA583B02-45E4-4B09-8EDE-A43152D45A70}.Release|Any CPU.ActiveCfg = Release|Any CPU
		{CA583B02-45E4-4B09-8EDE-A43152D45A70}.Release|Any CPU.Build.0 = Release|Any CPU
		{09088AAE-32AB-4EA8-B918-D5568C047A89}.Debug|Any CPU.ActiveCfg = Debug|Any CPU
		{09088AAE-32AB-4EA8-B918-D5568C047A89}.Debug|Any CPU.Build.0 = Debug|Any CPU
		{09088AAE-32AB-4EA8-B918-D5568C047A89}.Release|Any CPU.ActiveCfg = Release|Any CPU
		{09088AAE-32AB-4EA8-B918-D5568C047A89}.Release|Any CPU.Build.0 = Release|Any CPU
	EndGlobalSection
	GlobalSection(SolutionProperties) = preSolution
		HideSolutionNode = FALSE
	EndGlobalSection
EndGlobal
